
Microsoft Visual Studio Solution File, Format Version 12.00
# Visual Studio 15
VisualStudioVersion = 15.0.28307.421
MinimumVisualStudioVersion = 10.0.40219.1
Project("{FAE04EC0-301F-11D3-BF4B-00C04F79EFBC}") = "WorldZ", "WorldZ\WorldZ.csproj", "{EAB94A5F-5E12-4C9E-9050-7C2AC7AF0ADB}"
EndProject
Global
	GlobalSection(SolutionConfigurationPlatforms) = preSolution
		Debug|Any CPU = Debug|Any CPU
		Release|Any CPU = Release|Any CPU
	EndGlobalSection
	GlobalSection(ProjectConfigurationPlatforms) = postSolution
		{EAB94A5F-5E12-4C9E-9050-7C2AC7AF0ADB}.Debug|Any CPU.ActiveCfg = Debug|Any CPU
		{EAB94A5F-5E12-4C9E-9050-7C2AC7AF0ADB}.Debug|Any CPU.Build.0 = Debug|Any CPU
		{EAB94A5F-5E12-4C9E-9050-7C2AC7AF0ADB}.Release|Any CPU.ActiveCfg = Release|Any CPU
		{EAB94A5F-5E12-4C9E-9050-7C2AC7AF0ADB}.Release|Any CPU.Build.0 = Release|Any CPU
	EndGlobalSection
	GlobalSection(SolutionProperties) = preSolution
		HideSolutionNode = FALSE
	EndGlobalSection
	GlobalSection(ExtensibilityGlobals) = postSolution
		SolutionGuid = {DF4A5EE2-7486-4892-9D5D-7B61F523F45D}
	EndGlobalSection
EndGlobal
